
Microsoft Visual Studio Solution File, Format Version 12.00
# Visual Studio 15
VisualStudioVersion = 15.0.26403.3
MinimumVisualStudioVersion = 10.0.40219.1
Project("{FAE04EC0-301F-11D3-BF4B-00C04F79EFBC}") = "YeaJur.Core", "YeaJur.Core\YeaJur.Core.csproj", "{2AF4540A-7A81-4BCA-B302-3970E8095C0D}"
EndProject
Global
	GlobalSection(SolutionConfigurationPlatforms) = preSolution
		Debug|Any CPU = Debug|Any CPU
		Release|Any CPU = Release|Any CPU
	EndGlobalSection
	GlobalSection(ProjectConfigurationPlatforms) = postSolution
		{2AF4540A-7A81-4BCA-B302-3970E8095C0D}.Debug|Any CPU.ActiveCfg = Debug|Any CPU
		{2AF4540A-7A81-4BCA-B302-3970E8095C0D}.Debug|Any CPU.Build.0 = Debug|Any CPU
		{2AF4540A-7A81-4BCA-B302-3970E8095C0D}.Release|Any CPU.ActiveCfg = Release|Any CPU
		{2AF4540A-7A81-4BCA-B302-3970E8095C0D}.Release|Any CPU.Build.0 = Release|Any CPU
	EndGlobalSection
	GlobalSection(SolutionProperties) = preSolution
		HideSolutionNode = FALSE
	EndGlobalSection
EndGlobal
